// !$*UTF8*$!
{
	archiveVersion = 1;
	classes = {
	};
	objectVersion = 50;
	objects = {

/* Begin PBXBuildFile section */
		CA6A799020DB9C8D0092D8D9 /* NewsAPIClient.swift in Sources */ = {isa = PBXBuildFile; fileRef = CA6A798F20DB9C8D0092D8D9 /* NewsAPIClient.swift */; };
		CA6A799220DC9B7D0092D8D9 /* NewsAPIConstants.swift in Sources */ = {isa = PBXBuildFile; fileRef = CA6A799120DC9B7D0092D8D9 /* NewsAPIConstants.swift */; };
		CA6A799420DCA2800092D8D9 /* NewsAPIConvenience.swift in Sources */ = {isa = PBXBuildFile; fileRef = CA6A799320DCA2800092D8D9 /* NewsAPIConvenience.swift */; };
		CA6A799720DCA6000092D8D9 /* Article.swift in Sources */ = {isa = PBXBuildFile; fileRef = CA6A799620DCA6000092D8D9 /* Article.swift */; };
		CA6A799C20DCCFD50092D8D9 /* ArticleTableViewController.swift in Sources */ = {isa = PBXBuildFile; fileRef = CA6A799B20DCCFD50092D8D9 /* ArticleTableViewController.swift */; };
		CA96C13A20C09C8F00E4F486 /* AppDelegate.swift in Sources */ = {isa = PBXBuildFile; fileRef = CA96C13920C09C8F00E4F486 /* AppDelegate.swift */; };
		CA96C13C20C09C8F00E4F486 /* ViewController.swift in Sources */ = {isa = PBXBuildFile; fileRef = CA96C13B20C09C8F00E4F486 /* ViewController.swift */; };
		CA96C13F20C09C8F00E4F486 /* Main.storyboard in Resources */ = {isa = PBXBuildFile; fileRef = CA96C13D20C09C8F00E4F486 /* Main.storyboard */; };
		CA96C14120C09C9000E4F486 /* Assets.xcassets in Resources */ = {isa = PBXBuildFile; fileRef = CA96C14020C09C9000E4F486 /* Assets.xcassets */; };
		CA96C14420C09C9000E4F486 /* LaunchScreen.storyboard in Resources */ = {isa = PBXBuildFile; fileRef = CA96C14220C09C9000E4F486 /* LaunchScreen.storyboard */; };
/* End PBXBuildFile section */

/* Begin PBXFileReference section */
		CA6A798F20DB9C8D0092D8D9 /* NewsAPIClient.swift */ = {isa = PBXFileReference; lastKnownFileType = sourcecode.swift; path = NewsAPIClient.swift; sourceTree = "<group>"; };
		CA6A799120DC9B7D0092D8D9 /* NewsAPIConstants.swift */ = {isa = PBXFileReference; lastKnownFileType = sourcecode.swift; path = NewsAPIConstants.swift; sourceTree = "<group>"; };
		CA6A799320DCA2800092D8D9 /* NewsAPIConvenience.swift */ = {isa = PBXFileReference; lastKnownFileType = sourcecode.swift; path = NewsAPIConvenience.swift; sourceTree = "<group>"; };
		CA6A799620DCA6000092D8D9 /* Article.swift */ = {isa = PBXFileReference; lastKnownFileType = sourcecode.swift; path = Article.swift; sourceTree = "<group>"; };
		CA6A799B20DCCFD50092D8D9 /* ArticleTableViewController.swift */ = {isa = PBXFileReference; fileEncoding = 4; lastKnownFileType = sourcecode.swift; path = ArticleTableViewController.swift; sourceTree = "<group>"; };
		CA96C13620C09C8F00E4F486 /* project5.app */ = {isa = PBXFileReference; explicitFileType = wrapper.application; includeInIndex = 0; path = project5.app; sourceTree = BUILT_PRODUCTS_DIR; };
		CA96C13920C09C8F00E4F486 /* AppDelegate.swift */ = {isa = PBXFileReference; lastKnownFileType = sourcecode.swift; path = AppDelegate.swift; sourceTree = "<group>"; };
		CA96C13B20C09C8F00E4F486 /* ViewController.swift */ = {isa = PBXFileReference; lastKnownFileType = sourcecode.swift; path = ViewController.swift; sourceTree = "<group>"; };
		CA96C13E20C09C8F00E4F486 /* Base */ = {isa = PBXFileReference; lastKnownFileType = file.storyboard; name = Base; path = Base.lproj/Main.storyboard; sourceTree = "<group>"; };
		CA96C14020C09C9000E4F486 /* Assets.xcassets */ = {isa = PBXFileReference; lastKnownFileType = folder.assetcatalog; path = Assets.xcassets; sourceTree = "<group>"; };
		CA96C14320C09C9000E4F486 /* Base */ = {isa = PBXFileReference; lastKnownFileType = file.storyboard; name = Base; path = Base.lproj/LaunchScreen.storyboard; sourceTree = "<group>"; };
		CA96C14520C09C9000E4F486 /* Info.plist */ = {isa = PBXFileReference; lastKnownFileType = text.plist.xml; path = Info.plist; sourceTree = "<group>"; };
/* End PBXFileReference section */

/* Begin PBXFrameworksBuildPhase section */
		CA96C13320C09C8F00E4F486 /* Frameworks */ = {
			isa = PBXFrameworksBuildPhase;
			buildActionMask = 2147483647;
			files = (
			);
			runOnlyForDeploymentPostprocessing = 0;
		};
/* End PBXFrameworksBuildPhase section */

/* Begin PBXGroup section */
		CA6A798E20DB9C640092D8D9 /* Networking */ = {
			isa = PBXGroup;
			children = (
				CA6A798F20DB9C8D0092D8D9 /* NewsAPIClient.swift */,
				CA6A799120DC9B7D0092D8D9 /* NewsAPIConstants.swift */,
				CA6A799320DCA2800092D8D9 /* NewsAPIConvenience.swift */,
			);
			path = Networking;
			sourceTree = "<group>";
		};
		CA6A799520DCA5DD0092D8D9 /* Model */ = {
			isa = PBXGroup;
			children = (
				CA6A799620DCA6000092D8D9 /* Article.swift */,
			);
			path = Model;
			sourceTree = "<group>";
		};
		CA6A799820DCBB030092D8D9 /* Controller */ = {
			isa = PBXGroup;
			children = (
				CA6A799B20DCCFD50092D8D9 /* ArticleTableViewController.swift */,
				CA96C13B20C09C8F00E4F486 /* ViewController.swift */,
			);
			path = Controller;
			sourceTree = "<group>";
		};
		CA96C12D20C09C8F00E4F486 = {
			isa = PBXGroup;
			children = (
				CA96C13820C09C8F00E4F486 /* project5 */,
				CA96C13720C09C8F00E4F486 /* Products */,
			);
			sourceTree = "<group>";
		};
		CA96C13720C09C8F00E4F486 /* Products */ = {
			isa = PBXGroup;
			children = (
				CA96C13620C09C8F00E4F486 /* project5.app */,
			);
			name = Products;
			sourceTree = "<group>";
		};
		CA96C13820C09C8F00E4F486 /* project5 */ = {
			isa = PBXGroup;
			children = (
				CA6A799820DCBB030092D8D9 /* Controller */,
				CA6A799520DCA5DD0092D8D9 /* Model */,
				CA6A798E20DB9C640092D8D9 /* Networking */,
				CA96C13920C09C8F00E4F486 /* AppDelegate.swift */,
				CA96C13D20C09C8F00E4F486 /* Main.storyboard */,
				CA96C14020C09C9000E4F486 /* Assets.xcassets */,
				CA96C14220C09C9000E4F486 /* LaunchScreen.storyboard */,
				CA96C14520C09C9000E4F486 /* Info.plist */,
			);
			path = project5;
			sourceTree = "<group>";
		};
/* End PBXGroup section */

/* Begin PBXNativeTarget section */
		CA96C13520C09C8F00E4F486 /* project5 */ = {
			isa = PBXNativeTarget;
			buildConfigurationList = CA96C14820C09C9000E4F486 /* Build configuration list for PBXNativeTarget "project5" */;
			buildPhases = (
				CA96C13220C09C8F00E4F486 /* Sources */,
				CA96C13320C09C8F00E4F486 /* Frameworks */,
				CA96C13420C09C8F00E4F486 /* Resources */,
			);
			buildRules = (
			);
			dependencies = (
			);
			name = project5;
			productName = project5;
			productReference = CA96C13620C09C8F00E4F486 /* project5.app */;
			productType = "com.apple.product-type.application";
		};
/* End PBXNativeTarget section */

/* Begin PBXProject section */
		CA96C12E20C09C8F00E4F486 /* Project object */ = {
			isa = PBXProject;
			attributes = {
				LastSwiftUpdateCheck = 0930;
				LastUpgradeCheck = 0930;
				ORGANIZATIONNAME = "mohsina rahman";
				TargetAttributes = {
					CA96C13520C09C8F00E4F486 = {
						CreatedOnToolsVersion = 9.3;
					};
				};
			};
			buildConfigurationList = CA96C13120C09C8F00E4F486 /* Build configuration list for PBXProject "project5" */;
			compatibilityVersion = "Xcode 9.3";
			developmentRegion = en;
			hasScannedForEncodings = 0;
			knownRegions = (
				en,
				Base,
			);
			mainGroup = CA96C12D20C09C8F00E4F486;
			productRefGroup = CA96C13720C09C8F00E4F486 /* Products */;
			projectDirPath = "";
			projectRoot = "";
			targets = (
				CA96C13520C09C8F00E4F486 /* project5 */,
			);
		};
/* End PBXProject section */

/* Begin PBXResourcesBuildPhase section */
		CA96C13420C09C8F00E4F486 /* Resources */ = {
			isa = PBXResourcesBuildPhase;
			buildActionMask = 2147483647;
			files = (
				CA96C14420C09C9000E4F486 /* LaunchScreen.storyboard in Resources */,
				CA96C14120C09C9000E4F486 /* Assets.xcassets in Resources */,
				CA96C13F20C09C8F00E4F486 /* Main.storyboard in Resources */,
			);
			runOnlyForDeploymentPostprocessing = 0;
		};
/* End PBXResourcesBuildPhase section */

/* Begin PBXSourcesBuildPhase section */
		CA96C13220C09C8F00E4F486 /* Sources */ = {
			isa = PBXSourcesBuildPhase;
			buildActionMask = 2147483647;
			files = (
				CA6A799020DB9C8D0092D8D9 /* NewsAPIClient.swift in Sources */,
				CA6A799420DCA2800092D8D9 /* NewsAPIConvenience.swift in Sources */,
				CA6A799720DCA6000092D8D9 /* Article.swift in Sources */,
				CA6A799220DC9B7D0092D8D9 /* NewsAPIConstants.swift in Sources */,
				CA96C13C20C09C8F00E4F486 /* ViewController.swift in Sources */,
				CA96C13A20C09C8F00E4F486 /* AppDelegate.swift in Sources */,
				CA6A799C20DCCFD50092D8D9 /* ArticleTableViewController.swift in Sources */,
			);
			runOnlyForDeploymentPostprocessing = 0;
		};
/* End PBXSourcesBuildPhase section */

/* Begin PBXVariantGroup section */
		CA96C13D20C09C8F00E4F486 /* Main.storyboard */ = {
			isa = PBXVariantGroup;
			children = (
				CA96C13E20C09C8F00E4F486 /* Base */,
			);
			name = Main.storyboard;
			sourceTree = "<group>";
		};
		CA96C14220C09C9000E4F486 /* LaunchScreen.storyboard */ = {
			isa = PBXVariantGroup;
			children = (
				CA96C14320C09C9000E4F486 /* Base */,
			);
			name = LaunchScreen.storyboard;
			sourceTree = "<group>";
		};
/* End PBXVariantGroup section */

/* Begin XCBuildConfiguration section */
		CA96C14620C09C9000E4F486 /* Debug */ = {
			isa = XCBuildConfiguration;
			buildSettings = {
				ALWAYS_SEARCH_USER_PATHS = NO;
				CLANG_ANALYZER_NONNULL = YES;
				CLANG_ANALYZER_NUMBER_OBJECT_CONVERSION = YES_AGGRESSIVE;
				CLANG_CXX_LANGUAGE_STANDARD = "gnu++14";
				CLANG_CXX_LIBRARY = "libc++";
				CLANG_ENABLE_MODULES = YES;
				CLANG_ENABLE_OBJC_ARC = YES;
				CLANG_ENABLE_OBJC_WEAK = YES;
				CLANG_WARN_BLOCK_CAPTURE_AUTORELEASING = YES;
				CLANG_WARN_BOOL_CONVERSION = YES;
				CLANG_WARN_COMMA = YES;
				CLANG_WARN_CONSTANT_CONVERSION = YES;
				CLANG_WARN_DEPRECATED_OBJC_IMPLEMENTATIONS = YES;
				CLANG_WARN_DIRECT_OBJC_ISA_USAGE = YES_ERROR;
				CLANG_WARN_DOCUMENTATION_COMMENTS = YES;
				CLANG_WARN_EMPTY_BODY = YES;
				CLANG_WARN_ENUM_CONVERSION = YES;
				CLANG_WARN_INFINITE_RECURSION = YES;
				CLANG_WARN_INT_CONVERSION = YES;
				CLANG_WARN_NON_LITERAL_NULL_CONVERSION = YES;
				CLANG_WARN_OBJC_IMPLICIT_RETAIN_SELF = YES;
				CLANG_WARN_OBJC_LITERAL_CONVERSION = YES;
				CLANG_WARN_OBJC_ROOT_CLASS = YES_ERROR;
				CLANG_WARN_RANGE_LOOP_ANALYSIS = YES;
				CLANG_WARN_STRICT_PROTOTYPES = YES;
				CLANG_WARN_SUSPICIOUS_MOVE = YES;
				CLANG_WARN_UNGUARDED_AVAILABILITY = YES_AGGRESSIVE;
				CLANG_WARN_UNREACHABLE_CODE = YES;
				CLANG_WARN__DUPLICATE_METHOD_MATCH = YES;
				CODE_SIGN_IDENTITY = "iPhone Developer";
				COPY_PHASE_STRIP = NO;
				DEBUG_INFORMATION_FORMAT = dwarf;
				ENABLE_STRICT_OBJC_MSGSEND = YES;
				ENABLE_TESTABILITY = YES;
				GCC_C_LANGUAGE_STANDARD = gnu11;
				GCC_DYNAMIC_NO_PIC = NO;
				GCC_NO_COMMON_BLOCKS = YES;
				GCC_OPTIMIZATION_LEVEL = 0;
				GCC_PREPROCESSOR_DEFINITIONS = (
					"DEBUG=1",
					"$(inherited)",
				);
				GCC_WARN_64_TO_32_BIT_CONVERSION = YES;
				GCC_WARN_ABOUT_RETURN_TYPE = YES_ERROR;
				GCC_WARN_UNDECLARED_SELECTOR = YES;
				GCC_WARN_UNINITIALIZED_AUTOS = YES_AGGRESSIVE;
				GCC_WARN_UNUSED_FUNCTION = YES;
				GCC_WARN_UNUSED_VARIABLE = YES;
				IPHONEOS_DEPLOYMENT_TARGET = 11.3;
				MTL_ENABLE_DEBUG_INFO = YES;
				ONLY_ACTIVE_ARCH = YES;
				SDKROOT = iphoneos;
				SWIFT_ACTIVE_COMPILATION_CONDITIONS = DEBUG;
				SWIFT_OPTIMIZATION_LEVEL = "-Onone";
			};
			name = Debug;
		};
		CA96C14720C09C9000E4F486 /* Release */ = {
			isa = XCBuildConfiguration;
			buildSettings = {
				ALWAYS_SEARCH_USER_PATHS = NO;
				CLANG_ANALYZER_NONNULL = YES;
				CLANG_ANALYZER_NUMBER_OBJECT_CONVERSION = YES_AGGRESSIVE;
				CLANG_CXX_LANGUAGE_STANDARD = "gnu++14";
				CLANG_CXX_LIBRARY = "libc++";
				CLANG_ENABLE_MODULES = YES;
				CLANG_ENABLE_OBJC_ARC = YES;
				CLANG_ENABLE_OBJC_WEAK = YES;
				CLANG_WARN_BLOCK_CAPTURE_AUTORELEASING = YES;
				CLANG_WARN_BOOL_CONVERSION = YES;
				CLANG_WARN_COMMA = YES;
				CLANG_WARN_CONSTANT_CONVERSION = YES;
				CLANG_WARN_DEPRECATED_OBJC_IMPLEMENTATIONS = YES;
				CLANG_WARN_DIRECT_OBJC_ISA_USAGE = YES_ERROR;
				CLANG_WARN_DOCUMENTATION_COMMENTS = YES;
				CLANG_WARN_EMPTY_BODY = YES;
				CLANG_WARN_ENUM_CONVERSION = YES;
				CLANG_WARN_INFINITE_RECURSION = YES;
				CLANG_WARN_INT_CONVERSION = YES;
				CLANG_WARN_NON_LITERAL_NULL_CONVERSION = YES;
				CLANG_WARN_OBJC_IMPLICIT_RETAIN_SELF = YES;
				CLANG_WARN_OBJC_LITERAL_CONVERSION = YES;
				CLANG_WARN_OBJC_ROOT_CLASS = YES_ERROR;
				CLANG_WARN_RANGE_LOOP_ANALYSIS = YES;
				CLANG_WARN_STRICT_PROTOTYPES = YES;
				CLANG_WARN_SUSPICIOUS_MOVE = YES;
				CLANG_WARN_UNGUARDED_AVAILABILITY = YES_AGGRESSIVE;
				CLANG_WARN_UNREACHABLE_CODE = YES;
				CLANG_WARN__DUPLICATE_METHOD_MATCH = YES;
				CODE_SIGN_IDENTITY = "iPhone Developer";
				COPY_PHASE_STRIP = NO;
				DEBUG_INFORMATION_FORMAT = "dwarf-with-dsym";
				ENABLE_NS_ASSERTIONS = NO;
				ENABLE_STRICT_OBJC_MSGSEND = YES;
				GCC_C_LANGUAGE_STANDARD = gnu11;
				GCC_NO_COMMON_BLOCKS = YES;
				GCC_WARN_64_TO_32_BIT_CONVERSION = YES;
				GCC_WARN_ABOUT_RETURN_TYPE = YES_ERROR;
				GCC_WARN_UNDECLARED_SELECTOR = YES;
				GCC_WARN_UNINITIALIZED_AUTOS = YES_AGGRESSIVE;
				GCC_WARN_UNUSED_FUNCTION = YES;
				GCC_WARN_UNUSED_VARIABLE = YES;
				IPHONEOS_DEPLOYMENT_TARGET = 11.3;
				MTL_ENABLE_DEBUG_INFO = NO;
				SDKROOT = iphoneos;
				SWIFT_COMPILATION_MODE = wholemodule;
				SWIFT_OPTIMIZATION_LEVEL = "-O";
				VALIDATE_PRODUCT = YES;
			};
			name = Release;
		};
		CA96C14920C09C9000E4F486 /* Debug */ = {
			isa = XCBuildConfiguration;
			buildSettings = {
				ASSETCATALOG_COMPILER_APPICON_NAME = AppIcon;
				CODE_SIGN_STYLE = Automatic;
				DEVELOPMENT_TEAM = P52D3Z9XXR;
				INFOPLIST_FILE = project5/Info.plist;
				LD_RUNPATH_SEARCH_PATHS = (
					"$(inherited)",
					"@executable_path/Frameworks",
				);
				PRODUCT_BUNDLE_IDENTIFIER = mohsinaRahman.project5;
				PRODUCT_NAME = "$(TARGET_NAME)";
				SWIFT_VERSION = 4.0;
				TARGETED_DEVICE_FAMILY = "1,2";
			};
			name = Debug;
		};
		CA96C14A20C09C9000E4F486 /* Release */ = {
			isa = XCBuildConfiguration;
			buildSettings = {
				ASSETCATALOG_COMPILER_APPICON_NAME = AppIcon;
				CODE_SIGN_STYLE = Automatic;
				DEVELOPMENT_TEAM = P52D3Z9XXR;
				INFOPLIST_FILE = project5/Info.plist;
				LD_RUNPATH_SEARCH_PATHS = (
					"$(inherited)",
					"@executable_path/Frameworks",
				);
				PRODUCT_BUNDLE_IDENTIFIER = mohsinaRahman.project5;
				PRODUCT_NAME = "$(TARGET_NAME)";
				SWIFT_VERSION = 4.0;
				TARGETED_DEVICE_FAMILY = "1,2";
			};
			name = Release;
		};
/* End XCBuildConfiguration section */

/* Begin XCConfigurationList section */
		CA96C13120C09C8F00E4F486 /* Build configuration list for PBXProject "project5" */ = {
			isa = XCConfigurationList;
			buildConfigurations = (
				CA96C14620C09C9000E4F486 /* Debug */,
				CA96C14720C09C9000E4F486 /* Release */,
			);
			defaultConfigurationIsVisible = 0;
			defaultConfigurationName = Release;
		};
		CA96C14820C09C9000E4F486 /* Build configuration list for PBXNativeTarget "project5" */ = {
			isa = XCConfigurationList;
			buildConfigurations = (
				CA96C14920C09C9000E4F486 /* Debug */,
				CA96C14A20C09C9000E4F486 /* Release */,
			);
			defaultConfigurationIsVisible = 0;
			defaultConfigurationName = Release;
		};
/* End XCConfigurationList section */
	};
	rootObject = CA96C12E20C09C8F00E4F486 /* Project object */;
}
